
Microsoft Visual Studio Solution File, Format Version 12.00
# Visual Studio 15
VisualStudioVersion = 15.0.27703.2042
MinimumVisualStudioVersion = 10.0.40219.1
Project("{FAE04EC0-301F-11D3-BF4B-00C04F79EFBC}") = "ContactManagement.DataContract", "ContactManagement.DataContract\ContactManagement.DataContract.csproj", "{196DE5FD-782E-4B7D-ABC6-847119DDAA26}"
EndProject
Project("{FAE04EC0-301F-11D3-BF4B-00C04F79EFBC}") = "ContactManagement.WebAPI", "ContactManagement.API\ContactManagement.WebAPI.csproj", "{3C467F8B-6A62-4557-B321-D822118F4910}"
EndProject
Project("{FAE04EC0-301F-11D3-BF4B-00C04F79EFBC}") = "ContactManagement.Common", "ContactManagement.Common\ContactManagement.Common.csproj", "{88326345-D670-47D0-BFF8-B8A583F3FD2B}"
EndProject
Project("{00D1A9C2-B5F0-4AF3-8072-F6C62B433612}") = "ContactManagement.Database", "ContactManagement.Database\ContactManagement.Database.sqlproj", "{F7AF3364-BE3C-4332-B144-231ED13723DC}"
EndProject
Global
	GlobalSection(SolutionConfigurationPlatforms) = preSolution
		Debug|Any CPU = Debug|Any CPU
		Release|Any CPU = Release|Any CPU
	EndGlobalSection
	GlobalSection(ProjectConfigurationPlatforms) = postSolution
		{196DE5FD-782E-4B7D-ABC6-847119DDAA26}.Debug|Any CPU.ActiveCfg = Debug|Any CPU
		{196DE5FD-782E-4B7D-ABC6-847119DDAA26}.Debug|Any CPU.Build.0 = Debug|Any CPU
		{196DE5FD-782E-4B7D-ABC6-847119DDAA26}.Release|Any CPU.ActiveCfg = Release|Any CPU
		{196DE5FD-782E-4B7D-ABC6-847119DDAA26}.Release|Any CPU.Build.0 = Release|Any CPU
		{3C467F8B-6A62-4557-B321-D822118F4910}.Debug|Any CPU.ActiveCfg = Debug|Any CPU
		{3C467F8B-6A62-4557-B321-D822118F4910}.Debug|Any CPU.Build.0 = Debug|Any CPU
		{3C467F8B-6A62-4557-B321-D822118F4910}.Release|Any CPU.ActiveCfg = Release|Any CPU
		{3C467F8B-6A62-4557-B321-D822118F4910}.Release|Any CPU.Build.0 = Release|Any CPU
		{88326345-D670-47D0-BFF8-B8A583F3FD2B}.Debug|Any CPU.ActiveCfg = Debug|Any CPU
		{88326345-D670-47D0-BFF8-B8A583F3FD2B}.Debug|Any CPU.Build.0 = Debug|Any CPU
		{88326345-D670-47D0-BFF8-B8A583F3FD2B}.Release|Any CPU.ActiveCfg = Release|Any CPU
		{88326345-D670-47D0-BFF8-B8A583F3FD2B}.Release|Any CPU.Build.0 = Release|Any CPU
		{F7AF3364-BE3C-4332-B144-231ED13723DC}.Debug|Any CPU.ActiveCfg = Debug|Any CPU
		{F7AF3364-BE3C-4332-B144-231ED13723DC}.Debug|Any CPU.Build.0 = Debug|Any CPU
		{F7AF3364-BE3C-4332-B144-231ED13723DC}.Debug|Any CPU.Deploy.0 = Debug|Any CPU
		{F7AF3364-BE3C-4332-B144-231ED13723DC}.Release|Any CPU.ActiveCfg = Release|Any CPU
		{F7AF3364-BE3C-4332-B144-231ED13723DC}.Release|Any CPU.Build.0 = Release|Any CPU
		{F7AF3364-BE3C-4332-B144-231ED13723DC}.Release|Any CPU.Deploy.0 = Release|Any CPU
	EndGlobalSection
	GlobalSection(SolutionProperties) = preSolution
		HideSolutionNode = FALSE
	EndGlobalSection
	GlobalSection(ExtensibilityGlobals) = postSolution
		SolutionGuid = {CF6B30B8-9167-4E19-8425-DD95170DCA0A}
	EndGlobalSection
EndGlobal
